{
  "type": "service_account",
  "project_id": "deliveryabreu",
  "private_key_id": "c13af124baa99ecd4cbc8ad24fa91114cad5e15b",
  "private_key": "-----BEGIN PRIVATE KEY-----\nMIIEvgIBADANBgkqhkiG9w0BAQEFAASCBKgwggSkAgEAAoIBAQDJHRnVmkYjE6EL\nUWMJQ6XCwM1ve4LFRx6l70hD7BJ55KyIYLH161nse78kjkuYstsl6pwh9h9KFO+d\nxBPmxHLNDlv0vcROCcqz+v7kVxB+6nnqHGpxBW5kdW6WF4gdWPUm5NM+XVZbaIvB\njRI8H6M1sp6zCiBh5TSmG1KWVwQCx2usunNaN3BCdB9kcRcv6UDNrPYX46CHQeAh\naFDZS7OkJEkguJU8gGSBNuaRtfwBDKQk+UtZigiZeozIpUH2UEFzPkwNvXT2dXOP\nb6LWtvHKlGLfQ68RYKnYOUHs3gmVNbSmsT0u9jdNsY2R6abzdAJf8AxFmYA6IAxs\nWYevXsXZAgMBAAECggEAJ61DlwYYNzxcpdB5Mu8zKTCDdy6NVqFY1RDXl3rgDEdG\nmKNHCMbVV1f0lmAyXt5OaPUXt4WIl8N4oI36BSmVoonmL2su6tx4rrhiiCb7HKbi\nxYK0pzaUmGIonpjm5C9UMkeru16Ltn3yMI3F3rG5L9NdBuKFD/s5v1mdmgZxxqA6\naGLn/Djr1JG/J71LR6brd8Uxn8l+ZU1pqICj1C32c8xILiLnqGOnCtBXVVDSAYIo\nj6OphdPpABjoaGbkJaW3PAMQ0pHzO6IFUO5FpWZUBhb2nhb2mq8Ia9S4XpipL7m2\nojGbSdymGzIKU8KnYfYwCUCS484ZdS4AfzWwV++GmQKBgQD3s5I4N3sps9AGwb4s\nHV/wTGelM0AatO39RUEnZ1MAChFZ6rViSvV/3EaCXiOQuQ9zBQZTVG7C+I8yzK5l\nb4dCZpja4Hz8JUU7hBZNMW/hzDHd8iZsIhBUKrHKkocrNe8wUyoS4wzL09wFo3il\n3SO+wEZXHsqv0jT8hGKh18PP5QKBgQDP2fdoU29Dghs06OZRXlhtOwSumHJ+v0tI\ns4m1UFDvrceoDXN/OdM2fKisjmjsJp0IihnF4ylLJw3aM2rTw66JTlr/of7KVzeg\nAOcja5oDx2bAlOUszkZ7dVW5txSX7+JpmTpfXDzlWx80hPBuovMEgORcgsSIaKRG\nV1V/6TW25QKBgQDqSLN9bqSUnhmdunSIP0R2AZ5qt53jZMxRKMbmYSk1OVCODpx/\nGs03oX4jYq0a/p7pOJByEsMssHKpJsWw9Zsmp+nd5ETzLMFd+KIrYx4ioMNt3NKQ\npmtxYGyHYK5upXXV7GM4N/7rbziFMMg1gYOEsVIWpu4o/JbXXNP5ph30LQKBgGZE\nwvzsAJTg0W4pIhnrJ+sm3NjjXYKLsQkmfZ1e1VP414ISjD+PPiNTFtNAhtOa9C0d\ndizt5oV5w9EW93sWjyw0B4Y8ONdqLo5lo1TEPtWZKS+ck16GaBua0gE82b8gYvC+\nWgBNrBDV0vbOalalipkuqi3ykazkf9+0XPdA0hMZAoGBAL60seSDSd3ADSl8kZqF\nJ5J/kG451TcYqZ/9AXB+ZTBdzfimWwhKPHwfMxAZ8xMMpXbDh0SV+w5OAvjKlwKl\nYa4Y1EXzUgcu4ZEqUDNsR6IfR0IFijvdsXl7FB1cuFRgjWduvZAA8jI1eD51uHSR\nr8GK21xTk4CXgZCnE8bPsRL7\n-----END PRIVATE KEY-----\n",
  "client_email": "firebase-adminsdk-emk2d@deliveryabreu.iam.gserviceaccount.com",
  "client_id": "103233211884529150773",
  "auth_uri": "https://accounts.google.com/o/oauth2/auth",
  "token_uri": "https://oauth2.googleapis.com/token",
  "auth_provider_x509_cert_url": "https://www.googleapis.com/oauth2/v1/certs",
  "client_x509_cert_url": "https://www.googleapis.com/robot/v1/metadata/x509/firebase-adminsdk-emk2d%40deliveryabreu.iam.gserviceaccount.com",
  "universe_domain": "googleapis.com"
}
